
Microsoft Visual Studio Solution File, Format Version 12.00
# Visual Studio Version 16
VisualStudioVersion = 16.0.31410.357
MinimumVisualStudioVersion = 10.0.40219.1
Project("{9A19103F-16F7-4668-BE54-9A1E7A4F7556}") = "AuthJWT.WebAPI", "AuthJWT.WebAPI\AuthJWT.WebAPI.csproj", "{A6C1B62C-C989-407D-B727-0969D61F7D04}"
EndProject
Project("{FAE04EC0-301F-11D3-BF4B-00C04F79EFBC}") = "AuthJWT.Tests", "AuthJWT.Tests\AuthJWT.Tests.csproj", "{05C8E5CD-1A15-493A-A7C5-2DFC51B5E3C3}"
EndProject
Global
	GlobalSection(SolutionConfigurationPlatforms) = preSolution
		Debug|Any CPU = Debug|Any CPU
		Release|Any CPU = Release|Any CPU
	EndGlobalSection
	GlobalSection(ProjectConfigurationPlatforms) = postSolution
		{A6C1B62C-C989-407D-B727-0969D61F7D04}.Debug|Any CPU.ActiveCfg = Debug|Any CPU
		{A6C1B62C-C989-407D-B727-0969D61F7D04}.Debug|Any CPU.Build.0 = Debug|Any CPU
		{A6C1B62C-C989-407D-B727-0969D61F7D04}.Release|Any CPU.ActiveCfg = Release|Any CPU
		{A6C1B62C-C989-407D-B727-0969D61F7D04}.Release|Any CPU.Build.0 = Release|Any CPU
		{05C8E5CD-1A15-493A-A7C5-2DFC51B5E3C3}.Debug|Any CPU.ActiveCfg = Debug|Any CPU
		{05C8E5CD-1A15-493A-A7C5-2DFC51B5E3C3}.Debug|Any CPU.Build.0 = Debug|Any CPU
		{05C8E5CD-1A15-493A-A7C5-2DFC51B5E3C3}.Release|Any CPU.ActiveCfg = Release|Any CPU
		{05C8E5CD-1A15-493A-A7C5-2DFC51B5E3C3}.Release|Any CPU.Build.0 = Release|Any CPU
	EndGlobalSection
	GlobalSection(SolutionProperties) = preSolution
		HideSolutionNode = FALSE
	EndGlobalSection
	GlobalSection(ExtensibilityGlobals) = postSolution
		SolutionGuid = {5244611C-CB4B-4D83-B395-72B2F61768EA}
	EndGlobalSection
EndGlobal
